
Microsoft Visual Studio Solution File, Format Version 12.00
# Visual Studio Version 16
VisualStudioVersion = 16.0.30330.147
MinimumVisualStudioVersion = 10.0.40219.1
Project("{FAE04EC0-301F-11D3-BF4B-00C04F79EFBC}") = "Zadanie1", "Zadanie1\Zadanie1.csproj", "{AFD7D7DA-CB6E-4590-B6C3-05B72F63D17E}"
EndProject
Global
	GlobalSection(SolutionConfigurationPlatforms) = preSolution
		Debug|Any CPU = Debug|Any CPU
		Release|Any CPU = Release|Any CPU
	EndGlobalSection
	GlobalSection(ProjectConfigurationPlatforms) = postSolution
		{AFD7D7DA-CB6E-4590-B6C3-05B72F63D17E}.Debug|Any CPU.ActiveCfg = Debug|Any CPU
		{AFD7D7DA-CB6E-4590-B6C3-05B72F63D17E}.Debug|Any CPU.Build.0 = Debug|Any CPU
		{AFD7D7DA-CB6E-4590-B6C3-05B72F63D17E}.Release|Any CPU.ActiveCfg = Release|Any CPU
		{AFD7D7DA-CB6E-4590-B6C3-05B72F63D17E}.Release|Any CPU.Build.0 = Release|Any CPU
	EndGlobalSection
	GlobalSection(SolutionProperties) = preSolution
		HideSolutionNode = FALSE
	EndGlobalSection
	GlobalSection(ExtensibilityGlobals) = postSolution
		SolutionGuid = {827A1C0E-345C-4311-87C4-40CBD9C386EE}
	EndGlobalSection
EndGlobal
